Microsoft Visual Studio Solution File, Format Version 11.00
# Visual Studio 2008

Project("{B789D0A7-20C2-3847-FA17-FF8C2A7924C9}") = "cyvasse", "Assembly-CSharp-firstpass.csproj", "{5B54D547-EBD0-7182-D6AC-1115703CD977}"
EndProject
Project("{B789D0A7-20C2-3847-FA17-FF8C2A7924C9}") = "cyvasse", "Assembly-CSharp.csproj", "{2B923084-1B63-E678-DD00-596D9AACB6D1}"
EndProject
Project("{B789D0A7-20C2-3847-FA17-FF8C2A7924C9}") = "cyvasse", "Assembly-CSharp-Editor.csproj", "{F1DD81D5-0810-729E-15DC-C6B03EB5CEA2}"
EndProject
Project("{B789D0A7-20C2-3847-FA17-FF8C2A7924C9}") = "cyvasse", "Assembly-UnityScript-firstpass.unityproj", "{2C99A8F4-F1DA-6683-4EA3-ACFF08070263}"
EndProject
Project("{B789D0A7-20C2-3847-FA17-FF8C2A7924C9}") = "cyvasse", "Assembly-UnityScript.unityproj", "{8AF00A06-57D4-7AE1-0209-E1C7270FD6E6}"
EndProject
Global
	GlobalSection(SolutionConfigurationPlatforms) = preSolution
		Debug|Any CPU = Debug|Any CPU
		Release|Any CPU = Release|Any CPU
	EndGlobalSection
	GlobalSection(ProjectConfigurationPlatforms) = postSolution
		{5B54D547-EBD0-7182-D6AC-1115703CD977}.Debug|Any CPU.ActiveCfg = Debug|Any CPU
		{5B54D547-EBD0-7182-D6AC-1115703CD977}.Debug|Any CPU.Build.0 = Debug|Any CPU
		{5B54D547-EBD0-7182-D6AC-1115703CD977}.Release|Any CPU.ActiveCfg = Release|Any CPU
		{5B54D547-EBD0-7182-D6AC-1115703CD977}.Release|Any CPU.Build.0 = Release|Any CPU
		{2B923084-1B63-E678-DD00-596D9AACB6D1}.Debug|Any CPU.ActiveCfg = Debug|Any CPU
		{2B923084-1B63-E678-DD00-596D9AACB6D1}.Debug|Any CPU.Build.0 = Debug|Any CPU
		{2B923084-1B63-E678-DD00-596D9AACB6D1}.Release|Any CPU.ActiveCfg = Release|Any CPU
		{2B923084-1B63-E678-DD00-596D9AACB6D1}.Release|Any CPU.Build.0 = Release|Any CPU
		{F1DD81D5-0810-729E-15DC-C6B03EB5CEA2}.Debug|Any CPU.ActiveCfg = Debug|Any CPU
		{F1DD81D5-0810-729E-15DC-C6B03EB5CEA2}.Debug|Any CPU.Build.0 = Debug|Any CPU
		{F1DD81D5-0810-729E-15DC-C6B03EB5CEA2}.Release|Any CPU.ActiveCfg = Release|Any CPU
		{F1DD81D5-0810-729E-15DC-C6B03EB5CEA2}.Release|Any CPU.Build.0 = Release|Any CPU
		{2C99A8F4-F1DA-6683-4EA3-ACFF08070263}.Debug|Any CPU.ActiveCfg = Debug|Any CPU
		{2C99A8F4-F1DA-6683-4EA3-ACFF08070263}.Debug|Any CPU.Build.0 = Debug|Any CPU
		{2C99A8F4-F1DA-6683-4EA3-ACFF08070263}.Release|Any CPU.ActiveCfg = Release|Any CPU
		{2C99A8F4-F1DA-6683-4EA3-ACFF08070263}.Release|Any CPU.Build.0 = Release|Any CPU
		{8AF00A06-57D4-7AE1-0209-E1C7270FD6E6}.Debug|Any CPU.ActiveCfg = Debug|Any CPU
		{8AF00A06-57D4-7AE1-0209-E1C7270FD6E6}.Debug|Any CPU.Build.0 = Debug|Any CPU
		{8AF00A06-57D4-7AE1-0209-E1C7270FD6E6}.Release|Any CPU.ActiveCfg = Release|Any CPU
		{8AF00A06-57D4-7AE1-0209-E1C7270FD6E6}.Release|Any CPU.Build.0 = Release|Any CPU
	EndGlobalSection
	GlobalSection(SolutionProperties) = preSolution
		HideSolutionNode = FALSE
	EndGlobalSection
																																					GlobalSection(MonoDevelopProperties) = preSolution
		StartupItem = Assembly-CSharp.csproj
		Policies = $0
		$0.TextStylePolicy = $1
		$1.inheritsSet = null
		$1.scope = text/x-csharp
		$0.CSharpFormattingPolicy = $2
		$2.inheritsSet = Mono
		$2.inheritsScope = text/x-csharp
		$2.scope = text/x-csharp
		$0.TextStylePolicy = $3
		$3.FileWidth = 120
		$3.TabWidth = 4
		$3.EolMarker = Unix
		$3.inheritsSet = Mono
		$3.inheritsScope = text/plain
		$3.scope = text/plain
	EndGlobalSection

EndGlobal
