Microsoft Visual Studio Solution File, Format Version 11.00
# Visual Studio 2008

Project("{9AB72AC7-CD28-2FE4-F96E-F9EE67518427}") = "GridMovement", "Assembly-CSharp-firstpass.csproj", "{9C73D4A9-70E2-CF7C-E99A-5045D217FB99}"
EndProject
Project("{9AB72AC7-CD28-2FE4-F96E-F9EE67518427}") = "GridMovement", "Assembly-UnityScript.unityproj", "{1BF515CE-63D2-C23F-7783-2D52373FF54A}"
EndProject
Global
	GlobalSection(SolutionConfigurationPlatforms) = preSolution
		Debug|Any CPU = Debug|Any CPU
		Release|Any CPU = Release|Any CPU
	EndGlobalSection
	GlobalSection(ProjectConfigurationPlatforms) = postSolution
		{9C73D4A9-70E2-CF7C-E99A-5045D217FB99}.Debug|Any CPU.ActiveCfg = Debug|Any CPU
		{9C73D4A9-70E2-CF7C-E99A-5045D217FB99}.Debug|Any CPU.Build.0 = Debug|Any CPU
		{9C73D4A9-70E2-CF7C-E99A-5045D217FB99}.Release|Any CPU.ActiveCfg = Release|Any CPU
		{9C73D4A9-70E2-CF7C-E99A-5045D217FB99}.Release|Any CPU.Build.0 = Release|Any CPU
		{1BF515CE-63D2-C23F-7783-2D52373FF54A}.Debug|Any CPU.ActiveCfg = Debug|Any CPU
		{1BF515CE-63D2-C23F-7783-2D52373FF54A}.Debug|Any CPU.Build.0 = Debug|Any CPU
		{1BF515CE-63D2-C23F-7783-2D52373FF54A}.Release|Any CPU.ActiveCfg = Release|Any CPU
		{1BF515CE-63D2-C23F-7783-2D52373FF54A}.Release|Any CPU.Build.0 = Release|Any CPU
	EndGlobalSection
	GlobalSection(SolutionProperties) = preSolution
		HideSolutionNode = FALSE
	EndGlobalSection
				GlobalSection(MonoDevelopProperties) = preSolution
		StartupItem = Assembly-CSharp.csproj
		Policies = $0
		$0.TextStylePolicy = $1
		$1.inheritsSet = null
		$1.scope = text/x-csharp
		$0.CSharpFormattingPolicy = $2
		$2.inheritsSet = Mono
		$2.inheritsScope = text/x-csharp
		$2.scope = text/x-csharp
		$0.TextStylePolicy = $3
		$3.FileWidth = 120
		$3.TabWidth = 4
		$3.EolMarker = Unix
		$3.inheritsSet = Mono
		$3.inheritsScope = text/plain
		$3.scope = text/plain
	EndGlobalSection

EndGlobal
